
Microsoft Visual Studio Solution File, Format Version 12.00
# Visual Studio Version 17
VisualStudioVersion = 17.10.35013.160
MinimumVisualStudioVersion = 10.0.40219.1
Project("{9A19103F-16F7-4668-BE54-9A1E7A4F7556}") = "RemindersADHD", "RemindersADHD\RemindersADHD.csproj", "{5C93E081-0589-4DF2-8701-D5CC63341C4C}"
EndProject
Project("{9A19103F-16F7-4668-BE54-9A1E7A4F7556}") = "TestSourceGenerator", "TestSourceGenerator\TestSourceGenerator.csproj", "{50AAEEA9-64BD-43D4-9D51-0A5364A53847}"
EndProject
Project("{9A19103F-16F7-4668-BE54-9A1E7A4F7556}") = "MySourceGenerators", "MySourceGenerators\MySourceGenerators.csproj", "{A59C796D-D97F-4BED-A0EF-6403C6A3AE56}"
EndProject
Global
	GlobalSection(SolutionConfigurationPlatforms) = preSolution
		Debug|Any CPU = Debug|Any CPU
		Release|Any CPU = Release|Any CPU
	EndGlobalSection
	GlobalSection(ProjectConfigurationPlatforms) = postSolution
		{5C93E081-0589-4DF2-8701-D5CC63341C4C}.Debug|Any CPU.ActiveCfg = Debug|Any CPU
		{5C93E081-0589-4DF2-8701-D5CC63341C4C}.Debug|Any CPU.Build.0 = Debug|Any CPU
		{5C93E081-0589-4DF2-8701-D5CC63341C4C}.Debug|Any CPU.Deploy.0 = Debug|Any CPU
		{5C93E081-0589-4DF2-8701-D5CC63341C4C}.Release|Any CPU.ActiveCfg = Release|Any CPU
		{5C93E081-0589-4DF2-8701-D5CC63341C4C}.Release|Any CPU.Build.0 = Release|Any CPU
		{5C93E081-0589-4DF2-8701-D5CC63341C4C}.Release|Any CPU.Deploy.0 = Release|Any CPU
		{50AAEEA9-64BD-43D4-9D51-0A5364A53847}.Debug|Any CPU.ActiveCfg = Debug|Any CPU
		{50AAEEA9-64BD-43D4-9D51-0A5364A53847}.Debug|Any CPU.Build.0 = Debug|Any CPU
		{50AAEEA9-64BD-43D4-9D51-0A5364A53847}.Release|Any CPU.ActiveCfg = Release|Any CPU
		{50AAEEA9-64BD-43D4-9D51-0A5364A53847}.Release|Any CPU.Build.0 = Release|Any CPU
		{A59C796D-D97F-4BED-A0EF-6403C6A3AE56}.Debug|Any CPU.ActiveCfg = Debug|Any CPU
		{A59C796D-D97F-4BED-A0EF-6403C6A3AE56}.Debug|Any CPU.Build.0 = Debug|Any CPU
		{A59C796D-D97F-4BED-A0EF-6403C6A3AE56}.Release|Any CPU.ActiveCfg = Release|Any CPU
		{A59C796D-D97F-4BED-A0EF-6403C6A3AE56}.Release|Any CPU.Build.0 = Release|Any CPU
	EndGlobalSection
	GlobalSection(SolutionProperties) = preSolution
		HideSolutionNode = FALSE
	EndGlobalSection
	GlobalSection(ExtensibilityGlobals) = postSolution
		SolutionGuid = {EEC37600-F682-47B5-9797-A07FBEACB6C7}
	EndGlobalSection
EndGlobal
